
Microsoft Visual Studio Solution File, Format Version 12.00
# Visual Studio 15
VisualStudioVersion = 15.0.28307.421
MinimumVisualStudioVersion = 10.0.40219.1
Project("{8BC9CEB8-8B4A-11D0-8D11-00A0C91BC942}") = "DailyCodingProblems", "DailyCodingProblems\DailyCodingProblems.vcxproj", "{D22B33EB-9E3D-4C07-B339-5C1FD2A28AF8}"
EndProject
Global
	GlobalSection(SolutionConfigurationPlatforms) = preSolution
		Debug|x64 = Debug|x64
		Debug|x86 = Debug|x86
		Release|x64 = Release|x64
		Release|x86 = Release|x86
	EndGlobalSection
	GlobalSection(ProjectConfigurationPlatforms) = postSolution
		{D22B33EB-9E3D-4C07-B339-5C1FD2A28AF8}.Debug|x64.ActiveCfg = Debug|x64
		{D22B33EB-9E3D-4C07-B339-5C1FD2A28AF8}.Debug|x64.Build.0 = Debug|x64
		{D22B33EB-9E3D-4C07-B339-5C1FD2A28AF8}.Debug|x86.ActiveCfg = Debug|Win32
		{D22B33EB-9E3D-4C07-B339-5C1FD2A28AF8}.Debug|x86.Build.0 = Debug|Win32
		{D22B33EB-9E3D-4C07-B339-5C1FD2A28AF8}.Release|x64.ActiveCfg = Release|x64
		{D22B33EB-9E3D-4C07-B339-5C1FD2A28AF8}.Release|x64.Build.0 = Release|x64
		{D22B33EB-9E3D-4C07-B339-5C1FD2A28AF8}.Release|x86.ActiveCfg = Release|Win32
		{D22B33EB-9E3D-4C07-B339-5C1FD2A28AF8}.Release|x86.Build.0 = Release|Win32
	EndGlobalSection
	GlobalSection(SolutionProperties) = preSolution
		HideSolutionNode = FALSE
	EndGlobalSection
	GlobalSection(ExtensibilityGlobals) = postSolution
		SolutionGuid = {81E0CFAC-1976-463F-9BE2-BA55E49280B8}
	EndGlobalSection
EndGlobal
